
Microsoft Visual Studio Solution File, Format Version 12.00
# Visual Studio Version 17
VisualStudioVersion = 17.0.31903.59
MinimumVisualStudioVersion = 10.0.40219.1
Project("{2150E333-8FDC-42A3-9474-1A3956D46DE8}") = "src", "src", "{898CC489-C84A-49BD-9D77-3CEA1F6A7180}"
EndProject
Project("{2150E333-8FDC-42A3-9474-1A3956D46DE8}") = "props", "props", "{029923F0-FD53-4B75-BA07-F102BBE9C429}"
	ProjectSection(SolutionItems) = preProject
		src\Directory.Build.props = src\Directory.Build.props
		src\Directory.Packages.props = src\Directory.Packages.props
	EndProjectSection
EndProject
Project("{2150E333-8FDC-42A3-9474-1A3956D46DE8}") = "test", "test", "{9320CC2F-6BB6-4B29-B625-EB427EE87891}"
EndProject
Project("{2150E333-8FDC-42A3-9474-1A3956D46DE8}") = "props", "props", "{0CCCC7F3-A522-4535-8D5A-1E53815936D3}"
	ProjectSection(SolutionItems) = preProject
		test\Directory.Build.props = test\Directory.Build.props
		test\Directory.Packages.props = test\Directory.Packages.props
	EndProjectSection
EndProject
Project("{2150E333-8FDC-42A3-9474-1A3956D46DE8}") = "assets", "assets", "{4D1F501E-294C-4B22-9792-1BBB2B553C69}"
	ProjectSection(SolutionItems) = preProject
		assets\logo.png = assets\logo.png
	EndProjectSection
EndProject
Project("{9A19103F-16F7-4668-BE54-9A1E7A4F7556}") = "K8sOperator.NET.Tests", "test\K8sOperator.NET.Tests\K8sOperator.NET.Tests.csproj", "{C0360068-BBDE-4ABF-B357-765C792CDCF5}"
EndProject
Project("{9A19103F-16F7-4668-BE54-9A1E7A4F7556}") = "K8sOperator.NET", "src\K8sOperator.NET\K8sOperator.NET.csproj", "{160DFED1-DD63-412C-9D60-84D965626DD9}"
EndProject
Project("{2150E333-8FDC-42A3-9474-1A3956D46DE8}") = "examples", "examples", "{ED5FF81E-F3EA-4BEF-9B72-31A24F9386E3}"
EndProject
Project("{9A19103F-16F7-4668-BE54-9A1E7A4F7556}") = "SimpleOperator", "examples\SimpleOperator\SimpleOperator.csproj", "{B7588B10-BDD2-4622-BB16-18EFFBE7BE25}"
EndProject
Project("{9A19103F-16F7-4668-BE54-9A1E7A4F7556}") = "K8sOperator.NET.Generators", "src\K8sOperator.NET.Generators\K8sOperator.NET.Generators.csproj", "{183BE367-0544-4AD1-B741-2BA2F186BC0E}"
EndProject
Project("{9A19103F-16F7-4668-BE54-9A1E7A4F7556}") = "K8sOperator.NET.Generators.Tests", "test\K8sOperator.NET.Generators.Tests\K8sOperator.NET.Generators.Tests.csproj", "{D07BFDEA-0E46-4822-9F38-9581425FD93F}"
EndProject
Global
	GlobalSection(SolutionConfigurationPlatforms) = preSolution
		Debug|Any CPU = Debug|Any CPU
		Release|Any CPU = Release|Any CPU
	EndGlobalSection
	GlobalSection(ProjectConfigurationPlatforms) = postSolution
		{C0360068-BBDE-4ABF-B357-765C792CDCF5}.Debug|Any CPU.ActiveCfg = Debug|Any CPU
		{C0360068-BBDE-4ABF-B357-765C792CDCF5}.Debug|Any CPU.Build.0 = Debug|Any CPU
		{C0360068-BBDE-4ABF-B357-765C792CDCF5}.Release|Any CPU.ActiveCfg = Release|Any CPU
		{C0360068-BBDE-4ABF-B357-765C792CDCF5}.Release|Any CPU.Build.0 = Release|Any CPU
		{160DFED1-DD63-412C-9D60-84D965626DD9}.Debug|Any CPU.ActiveCfg = Debug|Any CPU
		{160DFED1-DD63-412C-9D60-84D965626DD9}.Debug|Any CPU.Build.0 = Debug|Any CPU
		{160DFED1-DD63-412C-9D60-84D965626DD9}.Release|Any CPU.ActiveCfg = Release|Any CPU
		{160DFED1-DD63-412C-9D60-84D965626DD9}.Release|Any CPU.Build.0 = Release|Any CPU
		{B7588B10-BDD2-4622-BB16-18EFFBE7BE25}.Debug|Any CPU.ActiveCfg = Debug|Any CPU
		{B7588B10-BDD2-4622-BB16-18EFFBE7BE25}.Debug|Any CPU.Build.0 = Debug|Any CPU
		{B7588B10-BDD2-4622-BB16-18EFFBE7BE25}.Release|Any CPU.ActiveCfg = Release|Any CPU
		{B7588B10-BDD2-4622-BB16-18EFFBE7BE25}.Release|Any CPU.Build.0 = Release|Any CPU
		{183BE367-0544-4AD1-B741-2BA2F186BC0E}.Debug|Any CPU.ActiveCfg = Debug|Any CPU
		{183BE367-0544-4AD1-B741-2BA2F186BC0E}.Debug|Any CPU.Build.0 = Debug|Any CPU
		{183BE367-0544-4AD1-B741-2BA2F186BC0E}.Release|Any CPU.ActiveCfg = Release|Any CPU
		{183BE367-0544-4AD1-B741-2BA2F186BC0E}.Release|Any CPU.Build.0 = Release|Any CPU
		{D07BFDEA-0E46-4822-9F38-9581425FD93F}.Debug|Any CPU.ActiveCfg = Debug|Any CPU
		{D07BFDEA-0E46-4822-9F38-9581425FD93F}.Debug|Any CPU.Build.0 = Debug|Any CPU
		{D07BFDEA-0E46-4822-9F38-9581425FD93F}.Release|Any CPU.ActiveCfg = Release|Any CPU
		{D07BFDEA-0E46-4822-9F38-9581425FD93F}.Release|Any CPU.Build.0 = Release|Any CPU
	EndGlobalSection
	GlobalSection(SolutionProperties) = preSolution
		HideSolutionNode = FALSE
	EndGlobalSection
	GlobalSection(NestedProjects) = preSolution
		{029923F0-FD53-4B75-BA07-F102BBE9C429} = {898CC489-C84A-49BD-9D77-3CEA1F6A7180}
		{0CCCC7F3-A522-4535-8D5A-1E53815936D3} = {9320CC2F-6BB6-4B29-B625-EB427EE87891}
		{C0360068-BBDE-4ABF-B357-765C792CDCF5} = {9320CC2F-6BB6-4B29-B625-EB427EE87891}
		{160DFED1-DD63-412C-9D60-84D965626DD9} = {898CC489-C84A-49BD-9D77-3CEA1F6A7180}
		{B7588B10-BDD2-4622-BB16-18EFFBE7BE25} = {ED5FF81E-F3EA-4BEF-9B72-31A24F9386E3}
		{183BE367-0544-4AD1-B741-2BA2F186BC0E} = {898CC489-C84A-49BD-9D77-3CEA1F6A7180}
		{D07BFDEA-0E46-4822-9F38-9581425FD93F} = {9320CC2F-6BB6-4B29-B625-EB427EE87891}
	EndGlobalSection
	GlobalSection(ExtensibilityGlobals) = postSolution
		SolutionGuid = {49DE7562-1920-49AD-A220-E10302CEC632}
	EndGlobalSection
EndGlobal
